
Microsoft Visual Studio Solution File, Format Version 12.00
# Visual Studio Version 17
VisualStudioVersion = 17.5.002.0
MinimumVisualStudioVersion = 10.0.40219.1
Project("{9A19103F-16F7-4668-BE54-9A1E7A4F7556}") = "runner", "runner.csproj", "{F353B5A4-3ED2-4931-9570-4259FFB6F42C}"
EndProject
Global
	GlobalSection(SolutionConfigurationPlatforms) = preSolution
		Debug|Any CPU = Debug|Any CPU
		Release|Any CPU = Release|Any CPU
	EndGlobalSection
	GlobalSection(ProjectConfigurationPlatforms) = postSolution
		{F353B5A4-3ED2-4931-9570-4259FFB6F42C}.Debug|Any CPU.ActiveCfg = Debug|Any CPU
		{F353B5A4-3ED2-4931-9570-4259FFB6F42C}.Debug|Any CPU.Build.0 = Debug|Any CPU
		{F353B5A4-3ED2-4931-9570-4259FFB6F42C}.Release|Any CPU.ActiveCfg = Release|Any CPU
		{F353B5A4-3ED2-4931-9570-4259FFB6F42C}.Release|Any CPU.Build.0 = Release|Any CPU
	EndGlobalSection
	GlobalSection(SolutionProperties) = preSolution
		HideSolutionNode = FALSE
	EndGlobalSection
	GlobalSection(ExtensibilityGlobals) = postSolution
		SolutionGuid = {F43BB618-04D8-441A-ADA9-8BEF90CDE12B}
	EndGlobalSection
EndGlobal
